
Microsoft Visual Studio Solution File, Format Version 12.00
# Visual Studio Version 17
VisualStudioVersion = 17.11.35303.130
MinimumVisualStudioVersion = 10.0.40219.1
Project("{9A19103F-16F7-4668-BE54-9A1E7A4F7556}") = "PolarisContacts.CreateService", "PolarisContacts.CreateService\PolarisContacts.CreateService.csproj", "{952E9147-A828-4AC6-8D39-FBF6E5A24EE2}"
EndProject
Project("{9A19103F-16F7-4668-BE54-9A1E7A4F7556}") = "PolarisContacts.CreateService.Application", "PolarisContacts.CreateService.Application\PolarisContacts.CreateService.Application.csproj", "{415D8FA0-3294-4238-BADF-78F01E534D0B}"
EndProject
Project("{9A19103F-16F7-4668-BE54-9A1E7A4F7556}") = "PolarisContacts.CreateService.Infrastructure", "PolarisContacts.CreateService.Infrastructure\PolarisContacts.CreateService.Infrastructure.csproj", "{2450C311-0C1C-4A03-B48B-BE80F0AB0A24}"
EndProject
Project("{9A19103F-16F7-4668-BE54-9A1E7A4F7556}") = "PolarisContacts.CreateService.CrossCutting.DependencyInjection", "PolarisContacts.CreateService.CrossCutting.DependencyInjection\PolarisContacts.CreateService.CrossCutting.DependencyInjection.csproj", "{E098A589-2440-4CE4-85F4-E9A6B271A0BE}"
EndProject
Project("{2150E333-8FDC-42A3-9474-1A3956D46DE8}") = "src", "src", "{501D1775-F1BC-481F-AD5E-2C0846C99E54}"
EndProject
Project("{2150E333-8FDC-42A3-9474-1A3956D46DE8}") = "tests", "tests", "{6044237B-EBCB-440D-98C2-B01256C07AFC}"
EndProject
Project("{9A19103F-16F7-4668-BE54-9A1E7A4F7556}") = "PolarisContacts.CreateService.IntegrativeTests", "PolarisContacts.IntegrativeTests\PolarisContacts.CreateService.IntegrativeTests.csproj", "{6690F4CB-1263-4DFA-8762-87437D9363D8}"
EndProject
Project("{9A19103F-16F7-4668-BE54-9A1E7A4F7556}") = "PolarisContacts.CreateService.Domain", "PolarisContacts.CreateService.Domain\PolarisContacts.CreateService.Domain.csproj", "{173252AE-0622-4856-9B0C-CA94A7476AC9}"
EndProject
Project("{9A19103F-16F7-4668-BE54-9A1E7A4F7556}") = "PolarisContacts.CreateService.Helpers", "PolarisContacts.CreateService.Helpers\PolarisContacts.CreateService.Helpers.csproj", "{8F94A69A-6AF8-438E-9C66-DCFD7D035BA3}"
EndProject
Project("{2150E333-8FDC-42A3-9474-1A3956D46DE8}") = "actions", "actions", "{136BCA6A-F987-4941-B77D-F661DA4D7CBF}"
EndProject
Project("{2150E333-8FDC-42A3-9474-1A3956D46DE8}") = "workflows", "workflows", "{1228FCE3-F87F-49B5-B857-DB7F8988ED34}"
	ProjectSection(SolutionItems) = preProject
		CreateService2.yml = CreateService2.yml
	EndProjectSection
EndProject
Global
	GlobalSection(SolutionConfigurationPlatforms) = preSolution
		Debug|Any CPU = Debug|Any CPU
		Release|Any CPU = Release|Any CPU
	EndGlobalSection
	GlobalSection(ProjectConfigurationPlatforms) = postSolution
		{952E9147-A828-4AC6-8D39-FBF6E5A24EE2}.Debug|Any CPU.ActiveCfg = Debug|Any CPU
		{952E9147-A828-4AC6-8D39-FBF6E5A24EE2}.Debug|Any CPU.Build.0 = Debug|Any CPU
		{952E9147-A828-4AC6-8D39-FBF6E5A24EE2}.Release|Any CPU.ActiveCfg = Release|Any CPU
		{952E9147-A828-4AC6-8D39-FBF6E5A24EE2}.Release|Any CPU.Build.0 = Release|Any CPU
		{415D8FA0-3294-4238-BADF-78F01E534D0B}.Debug|Any CPU.ActiveCfg = Debug|Any CPU
		{415D8FA0-3294-4238-BADF-78F01E534D0B}.Debug|Any CPU.Build.0 = Debug|Any CPU
		{415D8FA0-3294-4238-BADF-78F01E534D0B}.Release|Any CPU.ActiveCfg = Release|Any CPU
		{415D8FA0-3294-4238-BADF-78F01E534D0B}.Release|Any CPU.Build.0 = Release|Any CPU
		{2450C311-0C1C-4A03-B48B-BE80F0AB0A24}.Debug|Any CPU.ActiveCfg = Debug|Any CPU
		{2450C311-0C1C-4A03-B48B-BE80F0AB0A24}.Debug|Any CPU.Build.0 = Debug|Any CPU
		{2450C311-0C1C-4A03-B48B-BE80F0AB0A24}.Release|Any CPU.ActiveCfg = Release|Any CPU
		{2450C311-0C1C-4A03-B48B-BE80F0AB0A24}.Release|Any CPU.Build.0 = Release|Any CPU
		{E098A589-2440-4CE4-85F4-E9A6B271A0BE}.Debug|Any CPU.ActiveCfg = Debug|Any CPU
		{E098A589-2440-4CE4-85F4-E9A6B271A0BE}.Debug|Any CPU.Build.0 = Debug|Any CPU
		{E098A589-2440-4CE4-85F4-E9A6B271A0BE}.Release|Any CPU.ActiveCfg = Release|Any CPU
		{E098A589-2440-4CE4-85F4-E9A6B271A0BE}.Release|Any CPU.Build.0 = Release|Any CPU
		{6690F4CB-1263-4DFA-8762-87437D9363D8}.Debug|Any CPU.ActiveCfg = Debug|Any CPU
		{6690F4CB-1263-4DFA-8762-87437D9363D8}.Debug|Any CPU.Build.0 = Debug|Any CPU
		{6690F4CB-1263-4DFA-8762-87437D9363D8}.Release|Any CPU.ActiveCfg = Release|Any CPU
		{6690F4CB-1263-4DFA-8762-87437D9363D8}.Release|Any CPU.Build.0 = Release|Any CPU
		{173252AE-0622-4856-9B0C-CA94A7476AC9}.Debug|Any CPU.ActiveCfg = Debug|Any CPU
		{173252AE-0622-4856-9B0C-CA94A7476AC9}.Debug|Any CPU.Build.0 = Debug|Any CPU
		{173252AE-0622-4856-9B0C-CA94A7476AC9}.Release|Any CPU.ActiveCfg = Release|Any CPU
		{173252AE-0622-4856-9B0C-CA94A7476AC9}.Release|Any CPU.Build.0 = Release|Any CPU
		{8F94A69A-6AF8-438E-9C66-DCFD7D035BA3}.Debug|Any CPU.ActiveCfg = Debug|Any CPU
		{8F94A69A-6AF8-438E-9C66-DCFD7D035BA3}.Debug|Any CPU.Build.0 = Debug|Any CPU
		{8F94A69A-6AF8-438E-9C66-DCFD7D035BA3}.Release|Any CPU.ActiveCfg = Release|Any CPU
		{8F94A69A-6AF8-438E-9C66-DCFD7D035BA3}.Release|Any CPU.Build.0 = Release|Any CPU
	EndGlobalSection
	GlobalSection(SolutionProperties) = preSolution
		HideSolutionNode = FALSE
	EndGlobalSection
	GlobalSection(NestedProjects) = preSolution
		{952E9147-A828-4AC6-8D39-FBF6E5A24EE2} = {501D1775-F1BC-481F-AD5E-2C0846C99E54}
		{415D8FA0-3294-4238-BADF-78F01E534D0B} = {501D1775-F1BC-481F-AD5E-2C0846C99E54}
		{2450C311-0C1C-4A03-B48B-BE80F0AB0A24} = {501D1775-F1BC-481F-AD5E-2C0846C99E54}
		{E098A589-2440-4CE4-85F4-E9A6B271A0BE} = {501D1775-F1BC-481F-AD5E-2C0846C99E54}
		{6690F4CB-1263-4DFA-8762-87437D9363D8} = {6044237B-EBCB-440D-98C2-B01256C07AFC}
		{173252AE-0622-4856-9B0C-CA94A7476AC9} = {501D1775-F1BC-481F-AD5E-2C0846C99E54}
		{8F94A69A-6AF8-438E-9C66-DCFD7D035BA3} = {501D1775-F1BC-481F-AD5E-2C0846C99E54}
		{1228FCE3-F87F-49B5-B857-DB7F8988ED34} = {136BCA6A-F987-4941-B77D-F661DA4D7CBF}
	EndGlobalSection
	GlobalSection(ExtensibilityGlobals) = postSolution
		SolutionGuid = {8B339194-DF7D-4B7B-A4E6-62ED5533C9F1}
	EndGlobalSection
EndGlobal
